// !$*UTF8*$!
{
	archiveVersion = 1;
	classes = {
	};
	objectVersion = 56;
	objects = {

/* Begin PBXBuildFile section */
		142FDD392B83904A00483968 /* RewardedAdHelper.swift in Sources */ = {isa = PBXBuildFile; fileRef = 142FDD382B83904A00483968 /* RewardedAdHelper.swift */; };
		149E964C2B7DE57200555491 /* AppDelegate.swift in Sources */ = {isa = PBXBuildFile; fileRef = 149E964B2B7DE57200555491 /* AppDelegate.swift */; };
		149E964E2B7DE57200555491 /* SceneDelegate.swift in Sources */ = {isa = PBXBuildFile; fileRef = 149E964D2B7DE57200555491 /* SceneDelegate.swift */; };
		149E96502B7DE57200555491 /* ViewController.swift in Sources */ = {isa = PBXBuildFile; fileRef = 149E964F2B7DE57200555491 /* ViewController.swift */; };
		149E96532B7DE57200555491 /* Main.storyboard in Resources */ = {isa = PBXBuildFile; fileRef = 149E96512B7DE57200555491 /* Main.storyboard */; };
		149E96552B7DE57300555491 /* Assets.xcassets in Resources */ = {isa = PBXBuildFile; fileRef = 149E96542B7DE57300555491 /* Assets.xcassets */; };
		149E96582B7DE57300555491 /* LaunchScreen.storyboard in Resources */ = {isa = PBXBuildFile; fileRef = 149E96562B7DE57300555491 /* LaunchScreen.storyboard */; };
		14AB65732B88736700EE4C6F /* Home.swift in Sources */ = {isa = PBXBuildFile; fileRef = 14AB65722B88736700EE4C6F /* Home.swift */; };
		14B439A42BA2E7D900236A2B /* NewViewController.swift in Sources */ = {isa = PBXBuildFile; fileRef = 14B439A32BA2E7D900236A2B /* NewViewController.swift */; };
		ABEE1022DE2B37708C981770 /* Pods_adMobDemo.framework in Frameworks */ = {isa = PBXBuildFile; fileRef = C0A0EE010ED971AD972DE22A /* Pods_adMobDemo.framework */; };
/* End PBXBuildFile section */

/* Begin PBXFileReference section */
		142FDD382B83904A00483968 /* RewardedAdHelper.swift */ = {isa = PBXFileReference; lastKnownFileType = sourcecode.swift; path = RewardedAdHelper.swift; sourceTree = "<group>"; };
		149E96482B7DE57200555491 /* adMobDemo.app */ = {isa = PBXFileReference; explicitFileType = wrapper.application; includeInIndex = 0; path = adMobDemo.app; sourceTree = BUILT_PRODUCTS_DIR; };
		149E964B2B7DE57200555491 /* AppDelegate.swift */ = {isa = PBXFileReference; lastKnownFileType = sourcecode.swift; path = AppDelegate.swift; sourceTree = "<group>"; };
		149E964D2B7DE57200555491 /* SceneDelegate.swift */ = {isa = PBXFileReference; lastKnownFileType = sourcecode.swift; path = SceneDelegate.swift; sourceTree = "<group>"; };
		149E964F2B7DE57200555491 /* ViewController.swift */ = {isa = PBXFileReference; lastKnownFileType = sourcecode.swift; path = ViewController.swift; sourceTree = "<group>"; };
		149E96522B7DE57200555491 /* Base */ = {isa = PBXFileReference; lastKnownFileType = file.storyboard; name = Base; path = Base.lproj/Main.storyboard; sourceTree = "<group>"; };
		149E96542B7DE57300555491 /* Assets.xcassets */ = {isa = PBXFileReference; lastKnownFileType = folder.assetcatalog; path = Assets.xcassets; sourceTree = "<group>"; };
		149E96572B7DE57300555491 /* Base */ = {isa = PBXFileReference; lastKnownFileType = file.storyboard; name = Base; path = Base.lproj/LaunchScreen.storyboard; sourceTree = "<group>"; };
		149E96592B7DE57300555491 /* Info.plist */ = {isa = PBXFileReference; lastKnownFileType = text.plist.xml; path = Info.plist; sourceTree = "<group>"; };
		14AB65722B88736700EE4C6F /* Home.swift */ = {isa = PBXFileReference; lastKnownFileType = sourcecode.swift; path = Home.swift; sourceTree = "<group>"; };
		14B439A32BA2E7D900236A2B /* NewViewController.swift */ = {isa = PBXFileReference; lastKnownFileType = sourcecode.swift; path = NewViewController.swift; sourceTree = "<group>"; };
		B66BFB0E888F0CEE56F72F6E /* Pods-adMobDemo.debug.xcconfig */ = {isa = PBXFileReference; includeInIndex = 1; lastKnownFileType = text.xcconfig; name = "Pods-adMobDemo.debug.xcconfig"; path = "Target Support Files/Pods-adMobDemo/Pods-adMobDemo.debug.xcconfig"; sourceTree = "<group>"; };
		C0A0EE010ED971AD972DE22A /* Pods_adMobDemo.framework */ = {isa = PBXFileReference; explicitFileType = wrapper.framework; includeInIndex = 0; path = Pods_adMobDemo.framework; sourceTree = BUILT_PRODUCTS_DIR; };
		E3C7FF1528882EC433CAC6A0 /* Pods-adMobDemo.release.xcconfig */ = {isa = PBXFileReference; includeInIndex = 1; lastKnownFileType = text.xcconfig; name = "Pods-adMobDemo.release.xcconfig"; path = "Target Support Files/Pods-adMobDemo/Pods-adMobDemo.release.xcconfig"; sourceTree = "<group>"; };
/* End PBXFileReference section */

/* Begin PBXFrameworksBuildPhase section */
		149E96452B7DE57200555491 /* Frameworks */ = {
			isa = PBXFrameworksBuildPhase;
			buildActionMask = 2147483647;
			files = (
				ABEE1022DE2B37708C981770 /* Pods_adMobDemo.framework in Frameworks */,
			);
			runOnlyForDeploymentPostprocessing = 0;
		};
/* End PBXFrameworksBuildPhase section */

/* Begin PBXGroup section */
		149E963F2B7DE57200555491 = {
			isa = PBXGroup;
			children = (
				14B439A32BA2E7D900236A2B /* NewViewController.swift */,
				149E964A2B7DE57200555491 /* adMobDemo */,
				149E96492B7DE57200555491 /* Products */,
				51436E46717C23B2173321F0 /* Pods */,
				BD5599FBDA4382230E259F5C /* Frameworks */,
			);
			sourceTree = "<group>";
		};
		149E96492B7DE57200555491 /* Products */ = {
			isa = PBXGroup;
			children = (
				149E96482B7DE57200555491 /* adMobDemo.app */,
			);
			name = Products;
			sourceTree = "<group>";
		};
		149E964A2B7DE57200555491 /* adMobDemo */ = {
			isa = PBXGroup;
			children = (
				149E964B2B7DE57200555491 /* AppDelegate.swift */,
				149E964D2B7DE57200555491 /* SceneDelegate.swift */,
				14AB65722B88736700EE4C6F /* Home.swift */,
				149E964F2B7DE57200555491 /* ViewController.swift */,
				149E96512B7DE57200555491 /* Main.storyboard */,
				149E96542B7DE57300555491 /* Assets.xcassets */,
				149E96562B7DE57300555491 /* LaunchScreen.storyboard */,
				142FDD382B83904A00483968 /* RewardedAdHelper.swift */,
				149E96592B7DE57300555491 /* Info.plist */,
			);
			path = adMobDemo;
			sourceTree = "<group>";
		};
		51436E46717C23B2173321F0 /* Pods */ = {
			isa = PBXGroup;
			children = (
				B66BFB0E888F0CEE56F72F6E /* Pods-adMobDemo.debug.xcconfig */,
				E3C7FF1528882EC433CAC6A0 /* Pods-adMobDemo.release.xcconfig */,
			);
			path = Pods;
			sourceTree = "<group>";
		};
		BD5599FBDA4382230E259F5C /* Frameworks */ = {
			isa = PBXGroup;
			children = (
				C0A0EE010ED971AD972DE22A /* Pods_adMobDemo.framework */,
			);
			name = Frameworks;
			sourceTree = "<group>";
		};
/* End PBXGroup section */

/* Begin PBXNativeTarget section */
		149E96472B7DE57200555491 /* adMobDemo */ = {
			isa = PBXNativeTarget;
			buildConfigurationList = 149E965C2B7DE57300555491 /* Build configuration list for PBXNativeTarget "adMobDemo" */;
			buildPhases = (
				2B11508C879A4E7F042AE96D /* [CP] Check Pods Manifest.lock */,
				149E96442B7DE57200555491 /* Sources */,
				149E96452B7DE57200555491 /* Frameworks */,
				149E96462B7DE57200555491 /* Resources */,
				864D155C4B381B82DDC72252 /* [CP] Embed Pods Frameworks */,
			);
			buildRules = (
			);
			dependencies = (
			);
			name = adMobDemo;
			productName = adMobDemo;
			productReference = 149E96482B7DE57200555491 /* adMobDemo.app */;
			productType = "com.apple.product-type.application";
		};
/* End PBXNativeTarget section */

/* Begin PBXProject section */
		149E96402B7DE57200555491 /* Project object */ = {
			isa = PBXProject;
			attributes = {
				BuildIndependentTargetsInParallel = 1;
				LastSwiftUpdateCheck = 1520;
				LastUpgradeCheck = 1520;
				TargetAttributes = {
					149E96472B7DE57200555491 = {
						CreatedOnToolsVersion = 15.2;
					};
				};
			};
			buildConfigurationList = 149E96432B7DE57200555491 /* Build configuration list for PBXProject "adMobDemo" */;
			compatibilityVersion = "Xcode 14.0";
			developmentRegion = en;
			hasScannedForEncodings = 0;
			knownRegions = (
				en,
				Base,
			);
			mainGroup = 149E963F2B7DE57200555491;
			productRefGroup = 149E96492B7DE57200555491 /* Products */;
			projectDirPath = "";
			projectRoot = "";
			targets = (
				149E96472B7DE57200555491 /* adMobDemo */,
			);
		};
/* End PBXProject section */

/* Begin PBXResourcesBuildPhase section */
		149E96462B7DE57200555491 /* Resources */ = {
			isa = PBXResourcesBuildPhase;
			buildActionMask = 2147483647;
			files = (
				149E96582B7DE57300555491 /* LaunchScreen.storyboard in Resources */,
				149E96552B7DE57300555491 /* Assets.xcassets in Resources */,
				149E96532B7DE57200555491 /* Main.storyboard in Resources */,
			);
			runOnlyForDeploymentPostprocessing = 0;
		};
/* End PBXResourcesBuildPhase section */

/* Begin PBXShellScriptBuildPhase section */
		2B11508C879A4E7F042AE96D /* [CP] Check Pods Manifest.lock */ = {
			isa = PBXShellScriptBuildPhase;
			buildActionMask = 2147483647;
			files = (
			);
			inputFileListPaths = (
			);
			inputPaths = (
				"${PODS_PODFILE_DIR_PATH}/Podfile.lock",
				"${PODS_ROOT}/Manifest.lock",
			);
			name = "[CP] Check Pods Manifest.lock";
			outputFileListPaths = (
			);
			outputPaths = (
				"$(DERIVED_FILE_DIR)/Pods-adMobDemo-checkManifestLockResult.txt",
			);
			runOnlyForDeploymentPostprocessing = 0;
			shellPath = /bin/sh;
			shellScript = "diff \"${PODS_PODFILE_DIR_PATH}/Podfile.lock\" \"${PODS_ROOT}/Manifest.lock\" > /dev/null\nif [ $? != 0 ] ; then\n    # print error to STDERR\n    echo \"error: The sandbox is not in sync with the Podfile.lock. Run 'pod install' or update your CocoaPods installation.\" >&2\n    exit 1\nfi\n# This output is used by Xcode 'outputs' to avoid re-running this script phase.\necho \"SUCCESS\" > \"${SCRIPT_OUTPUT_FILE_0}\"\n";
			showEnvVarsInLog = 0;
		};
		864D155C4B381B82DDC72252 /* [CP] Embed Pods Frameworks */ = {
			isa = PBXShellScriptBuildPhase;
			buildActionMask = 2147483647;
			files = (
			);
			inputFileListPaths = (
				"${PODS_ROOT}/Target Support Files/Pods-adMobDemo/Pods-adMobDemo-frameworks-${CONFIGURATION}-input-files.xcfilelist",
			);
			name = "[CP] Embed Pods Frameworks";
			outputFileListPaths = (
				"${PODS_ROOT}/Target Support Files/Pods-adMobDemo/Pods-adMobDemo-frameworks-${CONFIGURATION}-output-files.xcfilelist",
			);
			runOnlyForDeploymentPostprocessing = 0;
			shellPath = /bin/sh;
			shellScript = "\"${PODS_ROOT}/Target Support Files/Pods-adMobDemo/Pods-adMobDemo-frameworks.sh\"\n";
			showEnvVarsInLog = 0;
		};
/* End PBXShellScriptBuildPhase section */

/* Begin PBXSourcesBuildPhase section */
		149E96442B7DE57200555491 /* Sources */ = {
			isa = PBXSourcesBuildPhase;
			buildActionMask = 2147483647;
			files = (
				142FDD392B83904A00483968 /* RewardedAdHelper.swift in Sources */,
				149E96502B7DE57200555491 /* ViewController.swift in Sources */,
				14AB65732B88736700EE4C6F /* Home.swift in Sources */,
				14B439A42BA2E7D900236A2B /* NewViewController.swift in Sources */,
				149E964C2B7DE57200555491 /* AppDelegate.swift in Sources */,
				149E964E2B7DE57200555491 /* SceneDelegate.swift in Sources */,
			);
			runOnlyForDeploymentPostprocessing = 0;
		};
/* End PBXSourcesBuildPhase section */

/* Begin PBXVariantGroup section */
		149E96512B7DE57200555491 /* Main.storyboard */ = {
			isa = PBXVariantGroup;
			children = (
				149E96522B7DE57200555491 /* Base */,
			);
			name = Main.storyboard;
			sourceTree = "<group>";
		};
		149E96562B7DE57300555491 /* LaunchScreen.storyboard */ = {
			isa = PBXVariantGroup;
			children = (
				149E96572B7DE57300555491 /* Base */,
			);
			name = LaunchScreen.storyboard;
			sourceTree = "<group>";
		};
/* End PBXVariantGroup section */

/* Begin XCBuildConfiguration section */
		149E965A2B7DE57300555491 /* Debug */ = {
			isa = XCBuildConfiguration;
			buildSettings = {
				ALWAYS_SEARCH_USER_PATHS = NO;
				ASSETCATALOG_COMPILER_GENERATE_SWIFT_ASSET_SYMBOL_EXTENSIONS = YES;
				CLANG_ANALYZER_NONNULL = YES;
				CLANG_ANALYZER_NUMBER_OBJECT_CONVERSION = YES_AGGRESSIVE;
				CLANG_CXX_LANGUAGE_STANDARD = "gnu++20";
				CLANG_ENABLE_MODULES = YES;
				CLANG_ENABLE_OBJC_ARC = YES;
				CLANG_ENABLE_OBJC_WEAK = YES;
				CLANG_WARN_BLOCK_CAPTURE_AUTORELEASING = YES;
				CLANG_WARN_BOOL_CONVERSION = YES;
				CLANG_WARN_COMMA = YES;
				CLANG_WARN_CONSTANT_CONVERSION = YES;
				CLANG_WARN_DEPRECATED_OBJC_IMPLEMENTATIONS = YES;
				CLANG_WARN_DIRECT_OBJC_ISA_USAGE = YES_ERROR;
				CLANG_WARN_DOCUMENTATION_COMMENTS = YES;
				CLANG_WARN_EMPTY_BODY = YES;
				CLANG_WARN_ENUM_CONVERSION = YES;
				CLANG_WARN_INFINITE_RECURSION = YES;
				CLANG_WARN_INT_CONVERSION = YES;
				CLANG_WARN_NON_LITERAL_NULL_CONVERSION = YES;
				CLANG_WARN_OBJC_IMPLICIT_RETAIN_SELF = YES;
				CLANG_WARN_OBJC_LITERAL_CONVERSION = YES;
				CLANG_WARN_OBJC_ROOT_CLASS = YES_ERROR;
				CLANG_WARN_QUOTED_INCLUDE_IN_FRAMEWORK_HEADER = YES;
				CLANG_WARN_RANGE_LOOP_ANALYSIS = YES;
				CLANG_WARN_STRICT_PROTOTYPES = YES;
				CLANG_WARN_SUSPICIOUS_MOVE = YES;
				CLANG_WARN_UNGUARDED_AVAILABILITY = YES_AGGRESSIVE;
				CLANG_WARN_UNREACHABLE_CODE = YES;
				CLANG_WARN__DUPLICATE_METHOD_MATCH = YES;
				COPY_PHASE_STRIP = NO;
				DEBUG_INFORMATION_FORMAT = dwarf;
				ENABLE_STRICT_OBJC_MSGSEND = YES;
				ENABLE_TESTABILITY = YES;
				ENABLE_USER_SCRIPT_SANDBOXING = YES;
				GCC_C_LANGUAGE_STANDARD = gnu17;
				GCC_DYNAMIC_NO_PIC = NO;
				GCC_NO_COMMON_BLOCKS = YES;
				GCC_OPTIMIZATION_LEVEL = 0;
				GCC_PREPROCESSOR_DEFINITIONS = (
					"DEBUG=1",
					"$(inherited)",
				);
				GCC_WARN_64_TO_32_BIT_CONVERSION = YES;
				GCC_WARN_ABOUT_RETURN_TYPE = YES_ERROR;
				GCC_WARN_UNDECLARED_SELECTOR = YES;
				GCC_WARN_UNINITIALIZED_AUTOS = YES_AGGRESSIVE;
				GCC_WARN_UNUSED_FUNCTION = YES;
				GCC_WARN_UNUSED_VARIABLE = YES;
				IPHONEOS_DEPLOYMENT_TARGET = 17.2;
				LOCALIZATION_PREFERS_STRING_CATALOGS = YES;
				MTL_ENABLE_DEBUG_INFO = INCLUDE_SOURCE;
				MTL_FAST_MATH = YES;
				ONLY_ACTIVE_ARCH = YES;
				SDKROOT = iphoneos;
				SWIFT_ACTIVE_COMPILATION_CONDITIONS = "DEBUG $(inherited)";
				SWIFT_OPTIMIZATION_LEVEL = "-Onone";
			};
			name = Debug;
		};
		149E965B2B7DE57300555491 /* Release */ = {
			isa = XCBuildConfiguration;
			buildSettings = {
				ALWAYS_SEARCH_USER_PATHS = NO;
				ASSETCATALOG_COMPILER_GENERATE_SWIFT_ASSET_SYMBOL_EXTENSIONS = YES;
				CLANG_ANALYZER_NONNULL = YES;
				CLANG_ANALYZER_NUMBER_OBJECT_CONVERSION = YES_AGGRESSIVE;
				CLANG_CXX_LANGUAGE_STANDARD = "gnu++20";
				CLANG_ENABLE_MODULES = YES;
				CLANG_ENABLE_OBJC_ARC = YES;
				CLANG_ENABLE_OBJC_WEAK = YES;
				CLANG_WARN_BLOCK_CAPTURE_AUTORELEASING = YES;
				CLANG_WARN_BOOL_CONVERSION = YES;
				CLANG_WARN_COMMA = YES;
				CLANG_WARN_CONSTANT_CONVERSION = YES;
				CLANG_WARN_DEPRECATED_OBJC_IMPLEMENTATIONS = YES;
				CLANG_WARN_DIRECT_OBJC_ISA_USAGE = YES_ERROR;
				CLANG_WARN_DOCUMENTATION_COMMENTS = YES;
				CLANG_WARN_EMPTY_BODY = YES;
				CLANG_WARN_ENUM_CONVERSION = YES;
				CLANG_WARN_INFINITE_RECURSION = YES;
				CLANG_WARN_INT_CONVERSION = YES;
				CLANG_WARN_NON_LITERAL_NULL_CONVERSION = YES;
				CLANG_WARN_OBJC_IMPLICIT_RETAIN_SELF = YES;
				CLANG_WARN_OBJC_LITERAL_CONVERSION = YES;
				CLANG_WARN_OBJC_ROOT_CLASS = YES_ERROR;
				CLANG_WARN_QUOTED_INCLUDE_IN_FRAMEWORK_HEADER = YES;
				CLANG_WARN_RANGE_LOOP_ANALYSIS = YES;
				CLANG_WARN_STRICT_PROTOTYPES = YES;
				CLANG_WARN_SUSPICIOUS_MOVE = YES;
				CLANG_WARN_UNGUARDED_AVAILABILITY = YES_AGGRESSIVE;
				CLANG_WARN_UNREACHABLE_CODE = YES;
				CLANG_WARN__DUPLICATE_METHOD_MATCH = YES;
				COPY_PHASE_STRIP = NO;
				DEBUG_INFORMATION_FORMAT = "dwarf-with-dsym";
				ENABLE_NS_ASSERTIONS = NO;
				ENABLE_STRICT_OBJC_MSGSEND = YES;
				ENABLE_USER_SCRIPT_SANDBOXING = YES;
				GCC_C_LANGUAGE_STANDARD = gnu17;
				GCC_NO_COMMON_BLOCKS = YES;
				GCC_WARN_64_TO_32_BIT_CONVERSION = YES;
				GCC_WARN_ABOUT_RETURN_TYPE = YES_ERROR;
				GCC_WARN_UNDECLARED_SELECTOR = YES;
				GCC_WARN_UNINITIALIZED_AUTOS = YES_AGGRESSIVE;
				GCC_WARN_UNUSED_FUNCTION = YES;
				GCC_WARN_UNUSED_VARIABLE = YES;
				IPHONEOS_DEPLOYMENT_TARGET = 17.2;
				LOCALIZATION_PREFERS_STRING_CATALOGS = YES;
				MTL_ENABLE_DEBUG_INFO = NO;
				MTL_FAST_MATH = YES;
				SDKROOT = iphoneos;
				SWIFT_COMPILATION_MODE = wholemodule;
				VALIDATE_PRODUCT = YES;
			};
			name = Release;
		};
		149E965D2B7DE57300555491 /* Debug */ = {
			isa = XCBuildConfiguration;
			baseConfigurationReference = B66BFB0E888F0CEE56F72F6E /* Pods-adMobDemo.debug.xcconfig */;
			buildSettings = {
				ASSETCATALOG_COMPILER_APPICON_NAME = AppIcon;
				ASSETCATALOG_COMPILER_GLOBAL_ACCENT_COLOR_NAME = AccentColor;
				CODE_SIGN_STYLE = Automatic;
				CURRENT_PROJECT_VERSION = 1;
				ENABLE_USER_SCRIPT_SANDBOXING = NO;
				GENERATE_INFOPLIST_FILE = YES;
				INFOPLIST_FILE = adMobDemo/Info.plist;
				INFOPLIST_KEY_UIApplicationSupportsIndirectInputEvents = YES;
				INFOPLIST_KEY_UILaunchStoryboardName = LaunchScreen;
				INFOPLIST_KEY_UIMainStoryboardFile = Main;
				INFOPLIST_KEY_UISupportedInterfaceOrientations_iPad = "UIInterfaceOrientationPortrait UIInterfaceOrientationPortraitUpsideDown UIInterfaceOrientationLandscapeLeft UIInterfaceOrientationLandscapeRight";
				INFOPLIST_KEY_UISupportedInterfaceOrientations_iPhone = "UIInterfaceOrientationPortrait UIInterfaceOrientationLandscapeLeft UIInterfaceOrientationLandscapeRight";
				IPHONEOS_DEPLOYMENT_TARGET = 17.2;
				LD_RUNPATH_SEARCH_PATHS = (
					"$(inherited)",
					"@executable_path/Frameworks",
				);
				MARKETING_VERSION = 1.0;
				PRODUCT_BUNDLE_IDENTIFIER = LYTBLB.adMobDemo;
				PRODUCT_NAME = "$(TARGET_NAME)";
				SWIFT_EMIT_LOC_STRINGS = YES;
				SWIFT_VERSION = 5.0;
				TARGETED_DEVICE_FAMILY = "1,2";
			};
			name = Debug;
		};
		149E965E2B7DE57300555491 /* Release */ = {
			isa = XCBuildConfiguration;
			baseConfigurationReference = E3C7FF1528882EC433CAC6A0 /* Pods-adMobDemo.release.xcconfig */;
			buildSettings = {
				ASSETCATALOG_COMPILER_APPICON_NAME = AppIcon;
				ASSETCATALOG_COMPILER_GLOBAL_ACCENT_COLOR_NAME = AccentColor;
				CODE_SIGN_STYLE = Automatic;
				CURRENT_PROJECT_VERSION = 1;
				ENABLE_USER_SCRIPT_SANDBOXING = NO;
				GENERATE_INFOPLIST_FILE = YES;
				INFOPLIST_FILE = adMobDemo/Info.plist;
				INFOPLIST_KEY_UIApplicationSupportsIndirectInputEvents = YES;
				INFOPLIST_KEY_UILaunchStoryboardName = LaunchScreen;
				INFOPLIST_KEY_UIMainStoryboardFile = Main;
				INFOPLIST_KEY_UISupportedInterfaceOrientations_iPad = "UIInterfaceOrientationPortrait UIInterfaceOrientationPortraitUpsideDown UIInterfaceOrientationLandscapeLeft UIInterfaceOrientationLandscapeRight";
				INFOPLIST_KEY_UISupportedInterfaceOrientations_iPhone = "UIInterfaceOrientationPortrait UIInterfaceOrientationLandscapeLeft UIInterfaceOrientationLandscapeRight";
				IPHONEOS_DEPLOYMENT_TARGET = 17.2;
				LD_RUNPATH_SEARCH_PATHS = (
					"$(inherited)",
					"@executable_path/Frameworks",
				);
				MARKETING_VERSION = 1.0;
				PRODUCT_BUNDLE_IDENTIFIER = LYTBLB.adMobDemo;
				PRODUCT_NAME = "$(TARGET_NAME)";
				SWIFT_EMIT_LOC_STRINGS = YES;
				SWIFT_VERSION = 5.0;
				TARGETED_DEVICE_FAMILY = "1,2";
			};
			name = Release;
		};
/* End XCBuildConfiguration section */

/* Begin XCConfigurationList section */
		149E96432B7DE57200555491 /* Build configuration list for PBXProject "adMobDemo" */ = {
			isa = XCConfigurationList;
			buildConfigurations = (
				149E965A2B7DE57300555491 /* Debug */,
				149E965B2B7DE57300555491 /* Release */,
			);
			defaultConfigurationIsVisible = 0;
			defaultConfigurationName = Release;
		};
		149E965C2B7DE57300555491 /* Build configuration list for PBXNativeTarget "adMobDemo" */ = {
			isa = XCConfigurationList;
			buildConfigurations = (
				149E965D2B7DE57300555491 /* Debug */,
				149E965E2B7DE57300555491 /* Release */,
			);
			defaultConfigurationIsVisible = 0;
			defaultConfigurationName = Release;
		};
/* End XCConfigurationList section */
	};
	rootObject = 149E96402B7DE57200555491 /* Project object */;
}
